PODS:
  - Flutter (1.0.0)
  - maps_launcher (0.0.1):
    - Flutter
  - shared_preferences (0.0.1):
    - Flutter
  - url_launcher (0.0.1):
    - Flutter

DEPENDENCIES:
  - Flutter (from `Flutter`)
  - maps_launcher (from `.symlinks/plugins/maps_launcher/ios`)
  - shared_preferences (from `.symlinks/plugins/shared_preferences/ios`)
  - url_launcher (from `.symlinks/plugins/url_launcher/ios`)

EXTERNAL SOURCES:
  Flutter:
    :path: Flutter
  maps_launcher:
    :path: ".symlinks/plugins/maps_launcher/ios"
  shared_preferences:
    :path: ".symlinks/plugins/shared_preferences/ios"
  url_launcher:
    :path: ".symlinks/plugins/url_launcher/ios"

SPEC CHECKSUMS:
  Flutter: 434fef37c0980e73bb6479ef766c45957d4b510c
  maps_launcher: eae38ee13a9c3f210fa04e04bb4c073fa4c6ed92
  shared_preferences: 1feebfa37bb57264736e16865e7ffae7fc99b523
  url_launcher: 6fef411d543ceb26efce54b05a0a40bfd74cbbef

PODFILE CHECKSUM: 16feed24f9a65fc455d05e88e4c64dcff7b451d0

COCOAPODS: 1.10.0
